// !$*UTF8*$!
{
	archiveVersion = 1;
	classes = {
	};
	objectVersion = 56;
	objects = {

/* Begin PBXBuildFile section */
		017E5DC42B0494680055DC35 /* peternakan_sapiApp.swift in Sources */ = {isa = PBXBuildFile; fileRef = 017E5DC32B0494680055DC35 /* peternakan_sapiApp.swift */; };
		017E5DC62B0494680055DC35 /* ContentView.swift in Sources */ = {isa = PBXBuildFile; fileRef = 017E5DC52B0494680055DC35 /* ContentView.swift */; };
		017E5DC82B04946A0055DC35 /* Assets.xcassets in Resources */ = {isa = PBXBuildFile; fileRef = 017E5DC72B04946A0055DC35 /* Assets.xcassets */; };
		017E5DCB2B04946A0055DC35 /* Preview Assets.xcassets in Resources */ = {isa = PBXBuildFile; fileRef = 017E5DCA2B04946A0055DC35 /* Preview Assets.xcassets */; };
		017E5DD52B04946A0055DC35 /* peternakan_sapiTests.swift in Sources */ = {isa = PBXBuildFile; fileRef = 017E5DD42B04946A0055DC35 /* peternakan_sapiTests.swift */; };
		017E5DDF2B04946A0055DC35 /* peternakan_sapiUITests.swift in Sources */ = {isa = PBXBuildFile; fileRef = 017E5DDE2B04946A0055DC35 /* peternakan_sapiUITests.swift */; };
		017E5DE12B04946A0055DC35 /* peternakan_sapiUITestsLaunchTests.swift in Sources */ = {isa = PBXBuildFile; fileRef = 017E5DE02B04946A0055DC35 /* peternakan_sapiUITestsLaunchTests.swift */; };
/* End PBXBuildFile section */

/* Begin PBXContainerItemProxy section */
		017E5DD12B04946A0055DC35 /* PBXContainerItemProxy */ = {
			isa = PBXContainerItemProxy;
			containerPortal = 017E5DB82B0494680055DC35 /* Project object */;
			proxyType = 1;
			remoteGlobalIDString = 017E5DBF2B0494680055DC35;
			remoteInfo = "peternakan-sapi";
		};
		017E5DDB2B04946A0055DC35 /* PBXContainerItemProxy */ = {
			isa = PBXContainerItemProxy;
			containerPortal = 017E5DB82B0494680055DC35 /* Project object */;
			proxyType = 1;
			remoteGlobalIDString = 017E5DBF2B0494680055DC35;
			remoteInfo = "peternakan-sapi";
		};
/* End PBXContainerItemProxy section */

/* Begin PBXFileReference section */
		017E5DC02B0494680055DC35 /* peternakan-sapi.app */ = {isa = PBXFileReference; explicitFileType = wrapper.application; includeInIndex = 0; path = "peternakan-sapi.app"; sourceTree = BUILT_PRODUCTS_DIR; };
		017E5DC32B0494680055DC35 /* peternakan_sapiApp.swift */ = {isa = PBXFileReference; lastKnownFileType = sourcecode.swift; path = peternakan_sapiApp.swift; sourceTree = "<group>"; };
		017E5DC52B0494680055DC35 /* ContentView.swift */ = {isa = PBXFileReference; lastKnownFileType = sourcecode.swift; path = ContentView.swift; sourceTree = "<group>"; };
		017E5DC72B04946A0055DC35 /* Assets.xcassets */ = {isa = PBXFileReference; lastKnownFileType = folder.assetcatalog; path = Assets.xcassets; sourceTree = "<group>"; };
		017E5DCA2B04946A0055DC35 /* Preview Assets.xcassets */ = {isa = PBXFileReference; lastKnownFileType = folder.assetcatalog; path = "Preview Assets.xcassets"; sourceTree = "<group>"; };
		017E5DD02B04946A0055DC35 /* peternakan-sapiTests.xctest */ = {isa = PBXFileReference; explicitFileType = wrapper.cfbundle; includeInIndex = 0; path = "peternakan-sapiTests.xctest"; sourceTree = BUILT_PRODUCTS_DIR; };
		017E5DD42B04946A0055DC35 /* peternakan_sapiTests.swift */ = {isa = PBXFileReference; lastKnownFileType = sourcecode.swift; path = peternakan_sapiTests.swift; sourceTree = "<group>"; };
		017E5DDA2B04946A0055DC35 /* peternakan-sapiUITests.xctest */ = {isa = PBXFileReference; explicitFileType = wrapper.cfbundle; includeInIndex = 0; path = "peternakan-sapiUITests.xctest"; sourceTree = BUILT_PRODUCTS_DIR; };
		017E5DDE2B04946A0055DC35 /* peternakan_sapiUITests.swift */ = {isa = PBXFileReference; lastKnownFileType = sourcecode.swift; path = peternakan_sapiUITests.swift; sourceTree = "<group>"; };
		017E5DE02B04946A0055DC35 /* peternakan_sapiUITestsLaunchTests.swift */ = {isa = PBXFileReference; lastKnownFileType = sourcecode.swift; path = peternakan_sapiUITestsLaunchTests.swift; sourceTree = "<group>"; };
/* End PBXFileReference section */

/* Begin PBXFrameworksBuildPhase section */
		017E5DBD2B0494680055DC35 /* Frameworks */ = {
			isa = PBXFrameworksBuildPhase;
			buildActionMask = 2147483647;
			files = (
			);
			runOnlyForDeploymentPostprocessing = 0;
		};
		017E5DCD2B04946A0055DC35 /* Frameworks */ = {
			isa = PBXFrameworksBuildPhase;
			buildActionMask = 2147483647;
			files = (
			);
			runOnlyForDeploymentPostprocessing = 0;
		};
		017E5DD72B04946A0055DC35 /* Frameworks */ = {
			isa = PBXFrameworksBuildPhase;
			buildActionMask = 2147483647;
			files = (
			);
			runOnlyForDeploymentPostprocessing = 0;
		};
/* End PBXFrameworksBuildPhase section */

/* Begin PBXGroup section */
		017E5DB72B0494680055DC35 = {
			isa = PBXGroup;
			children = (
				017E5DC22B0494680055DC35 /* peternakan-sapi */,
				017E5DD32B04946A0055DC35 /* peternakan-sapiTests */,
				017E5DDD2B04946A0055DC35 /* peternakan-sapiUITests */,
				017E5DC12B0494680055DC35 /* Products */,
			);
			sourceTree = "<group>";
		};
		017E5DC12B0494680055DC35 /* Products */ = {
			isa = PBXGroup;
			children = (
				017E5DC02B0494680055DC35 /* peternakan-sapi.app */,
				017E5DD02B04946A0055DC35 /* peternakan-sapiTests.xctest */,
				017E5DDA2B04946A0055DC35 /* peternakan-sapiUITests.xctest */,
			);
			name = Products;
			sourceTree = "<group>";
		};
		017E5DC22B0494680055DC35 /* peternakan-sapi */ = {
			isa = PBXGroup;
			children = (
				017E5DC32B0494680055DC35 /* peternakan_sapiApp.swift */,
				017E5DC52B0494680055DC35 /* ContentView.swift */,
				017E5DC72B04946A0055DC35 /* Assets.xcassets */,
				017E5DC92B04946A0055DC35 /* Preview Content */,
			);
			path = "peternakan-sapi";
			sourceTree = "<group>";
		};
		017E5DC92B04946A0055DC35 /* Preview Content */ = {
			isa = PBXGroup;
			children = (
				017E5DCA2B04946A0055DC35 /* Preview Assets.xcassets */,
			);
			path = "Preview Content";
			sourceTree = "<group>";
		};
		017E5DD32B04946A0055DC35 /* peternakan-sapiTests */ = {
			isa = PBXGroup;
			children = (
				017E5DD42B04946A0055DC35 /* peternakan_sapiTests.swift */,
			);
			path = "peternakan-sapiTests";
			sourceTree = "<group>";
		};
		017E5DDD2B04946A0055DC35 /* peternakan-sapiUITests */ = {
			isa = PBXGroup;
			children = (
				017E5DDE2B04946A0055DC35 /* peternakan_sapiUITests.swift */,
				017E5DE02B04946A0055DC35 /* peternakan_sapiUITestsLaunchTests.swift */,
			);
			path = "peternakan-sapiUITests";
			sourceTree = "<group>";
		};
/* End PBXGroup section */

/* Begin PBXNativeTarget section */
		017E5DBF2B0494680055DC35 /* peternakan-sapi */ = {
			isa = PBXNativeTarget;
			buildConfigurationList = 017E5DE42B04946A0055DC35 /* Build configuration list for PBXNativeTarget "peternakan-sapi" */;
			buildPhases = (
				017E5DBC2B0494680055DC35 /* Sources */,
				017E5DBD2B0494680055DC35 /* Frameworks */,
				017E5DBE2B0494680055DC35 /* Resources */,
			);
			buildRules = (
			);
			dependencies = (
			);
			name = "peternakan-sapi";
			productName = "peternakan-sapi";
			productReference = 017E5DC02B0494680055DC35 /* peternakan-sapi.app */;
			productType = "com.apple.product-type.application";
		};
		017E5DCF2B04946A0055DC35 /* peternakan-sapiTests */ = {
			isa = PBXNativeTarget;
			buildConfigurationList = 017E5DE72B04946A0055DC35 /* Build configuration list for PBXNativeTarget "peternakan-sapiTests" */;
			buildPhases = (
				017E5DCC2B04946A0055DC35 /* Sources */,
				017E5DCD2B04946A0055DC35 /* Frameworks */,
				017E5DCE2B04946A0055DC35 /* Resources */,
			);
			buildRules = (
			);
			dependencies = (
				017E5DD22B04946A0055DC35 /* PBXTargetDependency */,
			);
			name = "peternakan-sapiTests";
			productName = "peternakan-sapiTests";
			productReference = 017E5DD02B04946A0055DC35 /* peternakan-sapiTests.xctest */;
			productType = "com.apple.product-type.bundle.unit-test";
		};
		017E5DD92B04946A0055DC35 /* peternakan-sapiUITests */ = {
			isa = PBXNativeTarget;
			buildConfigurationList = 017E5DEA2B04946A0055DC35 /* Build configuration list for PBXNativeTarget "peternakan-sapiUITests" */;
			buildPhases = (
				017E5DD62B04946A0055DC35 /* Sources */,
				017E5DD72B04946A0055DC35 /* Frameworks */,
				017E5DD82B04946A0055DC35 /* Resources */,
			);
			buildRules = (
			);
			dependencies = (
				017E5DDC2B04946A0055DC35 /* PBXTargetDependency */,
			);
			name = "peternakan-sapiUITests";
			productName = "peternakan-sapiUITests";
			productReference = 017E5DDA2B04946A0055DC35 /* peternakan-sapiUITests.xctest */;
			productType = "com.apple.product-type.bundle.ui-testing";
		};
/* End PBXNativeTarget section */

/* Begin PBXProject section */
		017E5DB82B0494680055DC35 /* Project object */ = {
			isa = PBXProject;
			attributes = {
				BuildIndependentTargetsInParallel = 1;
				LastSwiftUpdateCheck = 1500;
				LastUpgradeCheck = 1500;
				TargetAttributes = {
					017E5DBF2B0494680055DC35 = {
						CreatedOnToolsVersion = 15.0.1;
					};
					017E5DCF2B04946A0055DC35 = {
						CreatedOnToolsVersion = 15.0.1;
						TestTargetID = 017E5DBF2B0494680055DC35;
					};
					017E5DD92B04946A0055DC35 = {
						CreatedOnToolsVersion = 15.0.1;
						TestTargetID = 017E5DBF2B0494680055DC35;
					};
				};
			};
			buildConfigurationList = 017E5DBB2B0494680055DC35 /* Build configuration list for PBXProject "peternakan-sapi" */;
			compatibilityVersion = "Xcode 14.0";
			developmentRegion = en;
			hasScannedForEncodings = 0;
			knownRegions = (
				en,
				Base,
			);
			mainGroup = 017E5DB72B0494680055DC35;
			productRefGroup = 017E5DC12B0494680055DC35 /* Products */;
			projectDirPath = "";
			projectRoot = "";
			targets = (
				017E5DBF2B0494680055DC35 /* peternakan-sapi */,
				017E5DCF2B04946A0055DC35 /* peternakan-sapiTests */,
				017E5DD92B04946A0055DC35 /* peternakan-sapiUITests */,
			);
		};
/* End PBXProject section */

/* Begin PBXResourcesBuildPhase section */
		017E5DBE2B0494680055DC35 /* Resources */ = {
			isa = PBXResourcesBuildPhase;
			buildActionMask = 2147483647;
			files = (
				017E5DCB2B04946A0055DC35 /* Preview Assets.xcassets in Resources */,
				017E5DC82B04946A0055DC35 /* Assets.xcassets in Resources */,
			);
			runOnlyForDeploymentPostprocessing = 0;
		};
		017E5DCE2B04946A0055DC35 /* Resources */ = {
			isa = PBXResourcesBuildPhase;
			buildActionMask = 2147483647;
			files = (
			);
			runOnlyForDeploymentPostprocessing = 0;
		};
		017E5DD82B04946A0055DC35 /* Resources */ = {
			isa = PBXResourcesBuildPhase;
			buildActionMask = 2147483647;
			files = (
			);
			runOnlyForDeploymentPostprocessing = 0;
		};
/* End PBXResourcesBuildPhase section */

/* Begin PBXSourcesBuildPhase section */
		017E5DBC2B0494680055DC35 /* Sources */ = {
			isa = PBXSourcesBuildPhase;
			buildActionMask = 2147483647;
			files = (
				017E5DC62B0494680055DC35 /* ContentView.swift in Sources */,
				017E5DC42B0494680055DC35 /* peternakan_sapiApp.swift in Sources */,
			);
			runOnlyForDeploymentPostprocessing = 0;
		};
		017E5DCC2B04946A0055DC35 /* Sources */ = {
			isa = PBXSourcesBuildPhase;
			buildActionMask = 2147483647;
			files = (
				017E5DD52B04946A0055DC35 /* peternakan_sapiTests.swift in Sources */,
			);
			runOnlyForDeploymentPostprocessing = 0;
		};
		017E5DD62B04946A0055DC35 /* Sources */ = {
			isa = PBXSourcesBuildPhase;
			buildActionMask = 2147483647;
			files = (
				017E5DE12B04946A0055DC35 /* peternakan_sapiUITestsLaunchTests.swift in Sources */,
				017E5DDF2B04946A0055DC35 /* peternakan_sapiUITests.swift in Sources */,
			);
			runOnlyForDeploymentPostprocessing = 0;
		};
/* End PBXSourcesBuildPhase section */

/* Begin PBXTargetDependency section */
		017E5DD22B04946A0055DC35 /* PBXTargetDependency */ = {
			isa = PBXTargetDependency;
			target = 017E5DBF2B0494680055DC35 /* peternakan-sapi */;
			targetProxy = 017E5DD12B04946A0055DC35 /* PBXContainerItemProxy */;
		};
		017E5DDC2B04946A0055DC35 /* PBXTargetDependency */ = {
			isa = PBXTargetDependency;
			target = 017E5DBF2B0494680055DC35 /* peternakan-sapi */;
			targetProxy = 017E5DDB2B04946A0055DC35 /* PBXContainerItemProxy */;
		};
/* End PBXTargetDependency section */

/* Begin XCBuildConfiguration section */
		017E5DE22B04946A0055DC35 /* Debug */ = {
			isa = XCBuildConfiguration;
			buildSettings = {
				ALWAYS_SEARCH_USER_PATHS = NO;
				ASSETCATALOG_COMPILER_GENERATE_SWIFT_ASSET_SYMBOL_EXTENSIONS = YES;
				CLANG_ANALYZER_NONNULL = YES;
				CLANG_ANALYZER_NUMBER_OBJECT_CONVERSION = YES_AGGRESSIVE;
				CLANG_CXX_LANGUAGE_STANDARD = "gnu++20";
				CLANG_ENABLE_MODULES = YES;
				CLANG_ENABLE_OBJC_ARC = YES;
				CLANG_ENABLE_OBJC_WEAK = YES;
				CLANG_WARN_BLOCK_CAPTURE_AUTORELEASING = YES;
				CLANG_WARN_BOOL_CONVERSION = YES;
				CLANG_WARN_COMMA = YES;
				CLANG_WARN_CONSTANT_CONVERSION = YES;
				CLANG_WARN_DEPRECATED_OBJC_IMPLEMENTATIONS = YES;
				CLANG_WARN_DIRECT_OBJC_ISA_USAGE = YES_ERROR;
				CLANG_WARN_DOCUMENTATION_COMMENTS = YES;
				CLANG_WARN_EMPTY_BODY = YES;
				CLANG_WARN_ENUM_CONVERSION = YES;
				CLANG_WARN_INFINITE_RECURSION = YES;
				CLANG_WARN_INT_CONVERSION = YES;
				CLANG_WARN_NON_LITERAL_NULL_CONVERSION = YES;
				CLANG_WARN_OBJC_IMPLICIT_RETAIN_SELF = YES;
				CLANG_WARN_OBJC_LITERAL_CONVERSION = YES;
				CLANG_WARN_OBJC_ROOT_CLASS = YES_ERROR;
				CLANG_WARN_QUOTED_INCLUDE_IN_FRAMEWORK_HEADER = YES;
				CLANG_WARN_RANGE_LOOP_ANALYSIS = YES;
				CLANG_WARN_STRICT_PROTOTYPES = YES;
				CLANG_WARN_SUSPICIOUS_MOVE = YES;
				CLANG_WARN_UNGUARDED_AVAILABILITY = YES_AGGRESSIVE;
				CLANG_WARN_UNREACHABLE_CODE = YES;
				CLANG_WARN__DUPLICATE_METHOD_MATCH = YES;
				COPY_PHASE_STRIP = NO;
				DEBUG_INFORMATION_FORMAT = dwarf;
				ENABLE_STRICT_OBJC_MSGSEND = YES;
				ENABLE_TESTABILITY = YES;
				ENABLE_USER_SCRIPT_SANDBOXING = YES;
				GCC_C_LANGUAGE_STANDARD = gnu17;
				GCC_DYNAMIC_NO_PIC = NO;
				GCC_NO_COMMON_BLOCKS = YES;
				GCC_OPTIMIZATION_LEVEL = 0;
				GCC_PREPROCESSOR_DEFINITIONS = (
					"DEBUG=1",
					"$(inherited)",
				);
				GCC_WARN_64_TO_32_BIT_CONVERSION = YES;
				GCC_WARN_ABOUT_RETURN_TYPE = YES_ERROR;
				GCC_WARN_UNDECLARED_SELECTOR = YES;
				GCC_WARN_UNINITIALIZED_AUTOS = YES_AGGRESSIVE;
				GCC_WARN_UNUSED_FUNCTION = YES;
				GCC_WARN_UNUSED_VARIABLE = YES;
				IPHONEOS_DEPLOYMENT_TARGET = 17.0;
				LOCALIZATION_PREFERS_STRING_CATALOGS = YES;
				MTL_ENABLE_DEBUG_INFO = INCLUDE_SOURCE;
				MTL_FAST_MATH = YES;
				ONLY_ACTIVE_ARCH = YES;
				SDKROOT = iphoneos;
				SWIFT_ACTIVE_COMPILATION_CONDITIONS = "DEBUG $(inherited)";
				SWIFT_OPTIMIZATION_LEVEL = "-Onone";
			};
			name = Debug;
		};
		017E5DE32B04946A0055DC35 /* Release */ = {
			isa = XCBuildConfiguration;
			buildSettings = {
				ALWAYS_SEARCH_USER_PATHS = NO;
				ASSETCATALOG_COMPILER_GENERATE_SWIFT_ASSET_SYMBOL_EXTENSIONS = YES;
				CLANG_ANALYZER_NONNULL = YES;
				CLANG_ANALYZER_NUMBER_OBJECT_CONVERSION = YES_AGGRESSIVE;
				CLANG_CXX_LANGUAGE_STANDARD = "gnu++20";
				CLANG_ENABLE_MODULES = YES;
				CLANG_ENABLE_OBJC_ARC = YES;
				CLANG_ENABLE_OBJC_WEAK = YES;
				CLANG_WARN_BLOCK_CAPTURE_AUTORELEASING = YES;
				CLANG_WARN_BOOL_CONVERSION = YES;
				CLANG_WARN_COMMA = YES;
				CLANG_WARN_CONSTANT_CONVERSION = YES;
				CLANG_WARN_DEPRECATED_OBJC_IMPLEMENTATIONS = YES;
				CLANG_WARN_DIRECT_OBJC_ISA_USAGE = YES_ERROR;
				CLANG_WARN_DOCUMENTATION_COMMENTS = YES;
				CLANG_WARN_EMPTY_BODY = YES;
				CLANG_WARN_ENUM_CONVERSION = YES;
				CLANG_WARN_INFINITE_RECURSION = YES;
				CLANG_WARN_INT_CONVERSION = YES;
				CLANG_WARN_NON_LITERAL_NULL_CONVERSION = YES;
				CLANG_WARN_OBJC_IMPLICIT_RETAIN_SELF = YES;
				CLANG_WARN_OBJC_LITERAL_CONVERSION = YES;
				CLANG_WARN_OBJC_ROOT_CLASS = YES_ERROR;
				CLANG_WARN_QUOTED_INCLUDE_IN_FRAMEWORK_HEADER = YES;
				CLANG_WARN_RANGE_LOOP_ANALYSIS = YES;
				CLANG_WARN_STRICT_PROTOTYPES = YES;
				CLANG_WARN_SUSPICIOUS_MOVE = YES;
				CLANG_WARN_UNGUARDED_AVAILABILITY = YES_AGGRESSIVE;
				CLANG_WARN_UNREACHABLE_CODE = YES;
				CLANG_WARN__DUPLICATE_METHOD_MATCH = YES;
				COPY_PHASE_STRIP = NO;
				DEBUG_INFORMATION_FORMAT = "dwarf-with-dsym";
				ENABLE_NS_ASSERTIONS = NO;
				ENABLE_STRICT_OBJC_MSGSEND = YES;
				ENABLE_USER_SCRIPT_SANDBOXING = YES;
				GCC_C_LANGUAGE_STANDARD = gnu17;
				GCC_NO_COMMON_BLOCKS = YES;
				GCC_WARN_64_TO_32_BIT_CONVERSION = YES;
				GCC_WARN_ABOUT_RETURN_TYPE = YES_ERROR;
				GCC_WARN_UNDECLARED_SELECTOR = YES;
				GCC_WARN_UNINITIALIZED_AUTOS = YES_AGGRESSIVE;
				GCC_WARN_UNUSED_FUNCTION = YES;
				GCC_WARN_UNUSED_VARIABLE = YES;
				IPHONEOS_DEPLOYMENT_TARGET = 17.0;
				LOCALIZATION_PREFERS_STRING_CATALOGS = YES;
				MTL_ENABLE_DEBUG_INFO = NO;
				MTL_FAST_MATH = YES;
				SDKROOT = iphoneos;
				SWIFT_COMPILATION_MODE = wholemodule;
				VALIDATE_PRODUCT = YES;
			};
			name = Release;
		};
		017E5DE52B04946A0055DC35 /* Debug */ = {
			isa = XCBuildConfiguration;
			buildSettings = {
				ASSETCATALOG_COMPILER_APPICON_NAME = AppIcon;
				ASSETCATALOG_COMPILER_GLOBAL_ACCENT_COLOR_NAME = AccentColor;
				CODE_SIGN_STYLE = Automatic;
				CURRENT_PROJECT_VERSION = 1;
				DEVELOPMENT_ASSET_PATHS = "\"peternakan-sapi/Preview Content\"";
				ENABLE_PREVIEWS = YES;
				GENERATE_INFOPLIST_FILE = YES;
				INFOPLIST_KEY_UIApplicationSceneManifest_Generation = YES;
				INFOPLIST_KEY_UIApplicationSupportsIndirectInputEvents = YES;
				INFOPLIST_KEY_UILaunchScreen_Generation = YES;
				INFOPLIST_KEY_UISupportedInterfaceOrientations_iPad = "UIInterfaceOrientationPortrait UIInterfaceOrientationPortraitUpsideDown UIInterfaceOrientationLandscapeLeft UIInterfaceOrientationLandscapeRight";
				INFOPLIST_KEY_UISupportedInterfaceOrientations_iPhone = "UIInterfaceOrientationPortrait UIInterfaceOrientationLandscapeLeft UIInterfaceOrientationLandscapeRight";
				LD_RUNPATH_SEARCH_PATHS = (
					"$(inherited)",
					"@executable_path/Frameworks",
				);
				MARKETING_VERSION = 1.0;
				PRODUCT_BUNDLE_IDENTIFIER = "com.peternakan-sapi";
				PRODUCT_NAME = "$(TARGET_NAME)";
				SWIFT_EMIT_LOC_STRINGS = YES;
				SWIFT_VERSION = 5.0;
				TARGETED_DEVICE_FAMILY = "1,2";
			};
			name = Debug;
		};
		017E5DE62B04946A0055DC35 /* Release */ = {
			isa = XCBuildConfiguration;
			buildSettings = {
				ASSETCATALOG_COMPILER_APPICON_NAME = AppIcon;
				ASSETCATALOG_COMPILER_GLOBAL_ACCENT_COLOR_NAME = AccentColor;
				CODE_SIGN_STYLE = Automatic;
				CURRENT_PROJECT_VERSION = 1;
				DEVELOPMENT_ASSET_PATHS = "\"peternakan-sapi/Preview Content\"";
				ENABLE_PREVIEWS = YES;
				GENERATE_INFOPLIST_FILE = YES;
				INFOPLIST_KEY_UIApplicationSceneManifest_Generation = YES;
				INFOPLIST_KEY_UIApplicationSupportsIndirectInputEvents = YES;
				INFOPLIST_KEY_UILaunchScreen_Generation = YES;
				INFOPLIST_KEY_UISupportedInterfaceOrientations_iPad = "UIInterfaceOrientationPortrait UIInterfaceOrientationPortraitUpsideDown UIInterfaceOrientationLandscapeLeft UIInterfaceOrientationLandscapeRight";
				INFOPLIST_KEY_UISupportedInterfaceOrientations_iPhone = "UIInterfaceOrientationPortrait UIInterfaceOrientationLandscapeLeft UIInterfaceOrientationLandscapeRight";
				LD_RUNPATH_SEARCH_PATHS = (
					"$(inherited)",
					"@executable_path/Frameworks",
				);
				MARKETING_VERSION = 1.0;
				PRODUCT_BUNDLE_IDENTIFIER = "com.peternakan-sapi";
				PRODUCT_NAME = "$(TARGET_NAME)";
				SWIFT_EMIT_LOC_STRINGS = YES;
				SWIFT_VERSION = 5.0;
				TARGETED_DEVICE_FAMILY = "1,2";
			};
			name = Release;
		};
		017E5DE82B04946A0055DC35 /* Debug */ = {
			isa = XCBuildConfiguration;
			buildSettings = {
				ALWAYS_EMBED_SWIFT_STANDARD_LIBRARIES = YES;
				BUNDLE_LOADER = "$(TEST_HOST)";
				CODE_SIGN_STYLE = Automatic;
				CURRENT_PROJECT_VERSION = 1;
				GENERATE_INFOPLIST_FILE = YES;
				IPHONEOS_DEPLOYMENT_TARGET = 17.0;
				MARKETING_VERSION = 1.0;
				PRODUCT_BUNDLE_IDENTIFIER = "com.peternakan-sapiTests";
				PRODUCT_NAME = "$(TARGET_NAME)";
				SWIFT_EMIT_LOC_STRINGS = NO;
				SWIFT_VERSION = 5.0;
				TARGETED_DEVICE_FAMILY = "1,2";
				TEST_HOST = "$(BUILT_PRODUCTS_DIR)/peternakan-sapi.app/$(BUNDLE_EXECUTABLE_FOLDER_PATH)/peternakan-sapi";
			};
			name = Debug;
		};
		017E5DE92B04946A0055DC35 /* Release */ = {
			isa = XCBuildConfiguration;
			buildSettings = {
				ALWAYS_EMBED_SWIFT_STANDARD_LIBRARIES = YES;
				BUNDLE_LOADER = "$(TEST_HOST)";
				CODE_SIGN_STYLE = Automatic;
				CURRENT_PROJECT_VERSION = 1;
				GENERATE_INFOPLIST_FILE = YES;
				IPHONEOS_DEPLOYMENT_TARGET = 17.0;
				MARKETING_VERSION = 1.0;
				PRODUCT_BUNDLE_IDENTIFIER = "com.peternakan-sapiTests";
				PRODUCT_NAME = "$(TARGET_NAME)";
				SWIFT_EMIT_LOC_STRINGS = NO;
				SWIFT_VERSION = 5.0;
				TARGETED_DEVICE_FAMILY = "1,2";
				TEST_HOST = "$(BUILT_PRODUCTS_DIR)/peternakan-sapi.app/$(BUNDLE_EXECUTABLE_FOLDER_PATH)/peternakan-sapi";
			};
			name = Release;
		};
		017E5DEB2B04946A0055DC35 /* Debug */ = {
			isa = XCBuildConfiguration;
			buildSettings = {
				ALWAYS_EMBED_SWIFT_STANDARD_LIBRARIES = YES;
				CODE_SIGN_STYLE = Automatic;
				CURRENT_PROJECT_VERSION = 1;
				GENERATE_INFOPLIST_FILE = YES;
				MARKETING_VERSION = 1.0;
				PRODUCT_BUNDLE_IDENTIFIER = "com.peternakan-sapiUITests";
				PRODUCT_NAME = "$(TARGET_NAME)";
				SWIFT_EMIT_LOC_STRINGS = NO;
				SWIFT_VERSION = 5.0;
				TARGETED_DEVICE_FAMILY = "1,2";
				TEST_TARGET_NAME = "peternakan-sapi";
			};
			name = Debug;
		};
		017E5DEC2B04946A0055DC35 /* Release */ = {
			isa = XCBuildConfiguration;
			buildSettings = {
				ALWAYS_EMBED_SWIFT_STANDARD_LIBRARIES = YES;
				CODE_SIGN_STYLE = Automatic;
				CURRENT_PROJECT_VERSION = 1;
				GENERATE_INFOPLIST_FILE = YES;
				MARKETING_VERSION = 1.0;
				PRODUCT_BUNDLE_IDENTIFIER = "com.peternakan-sapiUITests";
				PRODUCT_NAME = "$(TARGET_NAME)";
				SWIFT_EMIT_LOC_STRINGS = NO;
				SWIFT_VERSION = 5.0;
				TARGETED_DEVICE_FAMILY = "1,2";
				TEST_TARGET_NAME = "peternakan-sapi";
			};
			name = Release;
		};
/* End XCBuildConfiguration section */

/* Begin XCConfigurationList section */
		017E5DBB2B0494680055DC35 /* Build configuration list for PBXProject "peternakan-sapi" */ = {
			isa = XCConfigurationList;
			buildConfigurations = (
				017E5DE22B04946A0055DC35 /* Debug */,
				017E5DE32B04946A0055DC35 /* Release */,
			);
			defaultConfigurationIsVisible = 0;
			defaultConfigurationName = Release;
		};
		017E5DE42B04946A0055DC35 /* Build configuration list for PBXNativeTarget "peternakan-sapi" */ = {
			isa = XCConfigurationList;
			buildConfigurations = (
				017E5DE52B04946A0055DC35 /* Debug */,
				017E5DE62B04946A0055DC35 /* Release */,
			);
			defaultConfigurationIsVisible = 0;
			defaultConfigurationName = Release;
		};
		017E5DE72B04946A0055DC35 /* Build configuration list for PBXNativeTarget "peternakan-sapiTests" */ = {
			isa = XCConfigurationList;
			buildConfigurations = (
				017E5DE82B04946A0055DC35 /* Debug */,
				017E5DE92B04946A0055DC35 /* Release */,
			);
			defaultConfigurationIsVisible = 0;
			defaultConfigurationName = Release;
		};
		017E5DEA2B04946A0055DC35 /* Build configuration list for PBXNativeTarget "peternakan-sapiUITests" */ = {
			isa = XCConfigurationList;
			buildConfigurations = (
				017E5DEB2B04946A0055DC35 /* Debug */,
				017E5DEC2B04946A0055DC35 /* Release */,
			);
			defaultConfigurationIsVisible = 0;
			defaultConfigurationName = Release;
		};
/* End XCConfigurationList section */
	};
	rootObject = 017E5DB82B0494680055DC35 /* Project object */;
}
